
Microsoft Visual Studio Solution File, Format Version 12.00
# Visual Studio 2012
Project("{FAE04EC0-301F-11D3-BF4B-00C04F79EFBC}") = "Symulator.CSharp.Plugins", "Symulator.CSharp.Plugins.csproj", "{7ED6CB94-B5E4-24C7-E177-B8E6A7BA406D}"
EndProject
Project("{FAE04EC0-301F-11D3-BF4B-00C04F79EFBC}") = "Symulator.CSharp", "Symulator.CSharp.csproj", "{F000BBCA-5BDA-B5A4-DB81-EF158326C27D}"
EndProject
Project("{FAE04EC0-301F-11D3-BF4B-00C04F79EFBC}") = "Symulator.CSharp.Editor.Plugins", "Symulator.CSharp.Editor.Plugins.csproj", "{5A1D9AD6-2B5F-D3C3-9005-D6CA54945536}"
EndProject
Global
	GlobalSection(SolutionConfigurationPlatforms) = preSolution
		Debug|Any CPU = Debug|Any CPU
		Release|Any CPU = Release|Any CPU
	EndGlobalSection
	GlobalSection(ProjectConfigurationPlatforms) = postSolution
		{7ED6CB94-B5E4-24C7-E177-B8E6A7BA406D}.Debug|Any CPU.ActiveCfg = Debug|Any CPU
		{7ED6CB94-B5E4-24C7-E177-B8E6A7BA406D}.Debug|Any CPU.Build.0 = Debug|Any CPU
		{7ED6CB94-B5E4-24C7-E177-B8E6A7BA406D}.Release|Any CPU.ActiveCfg = Release|Any CPU
		{7ED6CB94-B5E4-24C7-E177-B8E6A7BA406D}.Release|Any CPU.Build.0 = Release|Any CPU
		{F000BBCA-5BDA-B5A4-DB81-EF158326C27D}.Debug|Any CPU.ActiveCfg = Debug|Any CPU
		{F000BBCA-5BDA-B5A4-DB81-EF158326C27D}.Debug|Any CPU.Build.0 = Debug|Any CPU
		{F000BBCA-5BDA-B5A4-DB81-EF158326C27D}.Release|Any CPU.ActiveCfg = Release|Any CPU
		{F000BBCA-5BDA-B5A4-DB81-EF158326C27D}.Release|Any CPU.Build.0 = Release|Any CPU
		{5A1D9AD6-2B5F-D3C3-9005-D6CA54945536}.Debug|Any CPU.ActiveCfg = Debug|Any CPU
		{5A1D9AD6-2B5F-D3C3-9005-D6CA54945536}.Debug|Any CPU.Build.0 = Debug|Any CPU
		{5A1D9AD6-2B5F-D3C3-9005-D6CA54945536}.Release|Any CPU.ActiveCfg = Release|Any CPU
		{5A1D9AD6-2B5F-D3C3-9005-D6CA54945536}.Release|Any CPU.Build.0 = Release|Any CPU
	EndGlobalSection
	GlobalSection(SolutionProperties) = preSolution
		HideSolutionNode = FALSE
	EndGlobalSection
EndGlobal
